
Microsoft Visual Studio Solution File, Format Version 12.00
# Visual Studio Version 17
VisualStudioVersion = 17.5.33627.172
MinimumVisualStudioVersion = 10.0.40219.1
Project("{FAE04EC0-301F-11D3-BF4B-00C04F79EFBC}") = "DemoProjectMVC", "DemoProjectMVC\DemoProjectMVC.csproj", "{34A3E2F0-2217-4C6D-9F8D-84B583695DCE}"
EndProject
Global
	GlobalSection(SolutionConfigurationPlatforms) = preSolution
		Debug|Any CPU = Debug|Any CPU
		Release|Any CPU = Release|Any CPU
	EndGlobalSection
	GlobalSection(ProjectConfigurationPlatforms) = postSolution
		{34A3E2F0-2217-4C6D-9F8D-84B583695DCE}.Debug|Any CPU.ActiveCfg = Debug|Any CPU
		{34A3E2F0-2217-4C6D-9F8D-84B583695DCE}.Debug|Any CPU.Build.0 = Debug|Any CPU
		{34A3E2F0-2217-4C6D-9F8D-84B583695DCE}.Release|Any CPU.ActiveCfg = Release|Any CPU
		{34A3E2F0-2217-4C6D-9F8D-84B583695DCE}.Release|Any CPU.Build.0 = Release|Any CPU
	EndGlobalSection
	GlobalSection(SolutionProperties) = preSolution
		HideSolutionNode = FALSE
	EndGlobalSection
	GlobalSection(ExtensibilityGlobals) = postSolution
		SolutionGuid = {AA8EE14B-D561-43F1-9F81-C9D36DA3A63E}
	EndGlobalSection
EndGlobal
